
Microsoft Visual Studio Solution File, Format Version 12.00
# Visual Studio 2013
VisualStudioVersion = 12.0.31101.0
MinimumVisualStudioVersion = 10.0.40219.1
Project("{FAE04EC0-301F-11D3-BF4B-00C04F79EFBC}") = "JsTests", "JsTests.csproj", "{43EFFB54-C979-4168-A1C7-7DBDA0E5B47E}"
EndProject
Project("{2150E333-8FDC-42A3-9474-1A3956D46DE8}") = ".nuget", ".nuget", "{03487204-1490-4588-A3EB-5EBB10576EC3}"
EndProject
Project("{F2A71F9B-5D33-465A-A702-920D77279786}") = "FSharp", "..\FSharp\FSharp.fsproj", "{04A99A77-536F-4D49-9CB3-9F5EE27D8725}"
EndProject
Project("{FAE04EC0-301F-11D3-BF4B-00C04F79EFBC}") = "FSharpTest", "FSharpTest\FSharpTest.csproj", "{97AF65CE-21AC-4226-BA55-2EB72235C65E}"
EndProject
Global
	GlobalSection(SolutionConfigurationPlatforms) = preSolution
		Debug|Any CPU = Debug|Any CPU
		Release|Any CPU = Release|Any CPU
	EndGlobalSection
	GlobalSection(ProjectConfigurationPlatforms) = postSolution
		{43EFFB54-C979-4168-A1C7-7DBDA0E5B47E}.Debug|Any CPU.ActiveCfg = Debug|Any CPU
		{43EFFB54-C979-4168-A1C7-7DBDA0E5B47E}.Debug|Any CPU.Build.0 = Debug|Any CPU
		{43EFFB54-C979-4168-A1C7-7DBDA0E5B47E}.Release|Any CPU.ActiveCfg = Release|Any CPU
		{43EFFB54-C979-4168-A1C7-7DBDA0E5B47E}.Release|Any CPU.Build.0 = Release|Any CPU
		{04A99A77-536F-4D49-9CB3-9F5EE27D8725}.Debug|Any CPU.ActiveCfg = Debug|Any CPU
		{04A99A77-536F-4D49-9CB3-9F5EE27D8725}.Debug|Any CPU.Build.0 = Debug|Any CPU
		{04A99A77-536F-4D49-9CB3-9F5EE27D8725}.Release|Any CPU.ActiveCfg = Release|Any CPU
		{04A99A77-536F-4D49-9CB3-9F5EE27D8725}.Release|Any CPU.Build.0 = Release|Any CPU
		{97AF65CE-21AC-4226-BA55-2EB72235C65E}.Debug|Any CPU.ActiveCfg = Debug|Any CPU
		{97AF65CE-21AC-4226-BA55-2EB72235C65E}.Debug|Any CPU.Build.0 = Debug|Any CPU
		{97AF65CE-21AC-4226-BA55-2EB72235C65E}.Release|Any CPU.ActiveCfg = Release|Any CPU
		{97AF65CE-21AC-4226-BA55-2EB72235C65E}.Release|Any CPU.Build.0 = Release|Any CPU
	EndGlobalSection
	GlobalSection(SolutionProperties) = preSolution
		HideSolutionNode = FALSE
	EndGlobalSection
EndGlobal
